
Microsoft Visual Studio Solution File, Format Version 12.00
# Visual Studio 15
VisualStudioVersion = 15.0.28307.572
MinimumVisualStudioVersion = 10.0.40219.1
Project("{FAE04EC0-301F-11D3-BF4B-00C04F79EFBC}") = "CleverHome 1.1", "CleverHome 1.1\CleverHome 1.1.csproj", "{A574E5D4-AA8B-433B-9095-15E33EF84504}"
EndProject
Project("{8BC9CEB8-8B4A-11D0-8D11-00A0C91BC942}") = "testwinworm", "D:\testwinworm\testwinworm.vcxproj", "{C5F80730-F44F-4478-BDAE-6634EFC2CA88}"
EndProject
Global
	GlobalSection(SolutionConfigurationPlatforms) = preSolution
		Debug|Any CPU = Debug|Any CPU
		Debug|x86 = Debug|x86
		Release|Any CPU = Release|Any CPU
		Release|x86 = Release|x86
	EndGlobalSection
	GlobalSection(ProjectConfigurationPlatforms) = postSolution
		{A574E5D4-AA8B-433B-9095-15E33EF84504}.Debug|Any CPU.ActiveCfg = Debug|Any CPU
		{A574E5D4-AA8B-433B-9095-15E33EF84504}.Debug|Any CPU.Build.0 = Debug|Any CPU
		{A574E5D4-AA8B-433B-9095-15E33EF84504}.Debug|x86.ActiveCfg = Debug|Any CPU
		{A574E5D4-AA8B-433B-9095-15E33EF84504}.Debug|x86.Build.0 = Debug|Any CPU
		{A574E5D4-AA8B-433B-9095-15E33EF84504}.Release|Any CPU.ActiveCfg = Release|Any CPU
		{A574E5D4-AA8B-433B-9095-15E33EF84504}.Release|Any CPU.Build.0 = Release|Any CPU
		{A574E5D4-AA8B-433B-9095-15E33EF84504}.Release|x86.ActiveCfg = Release|Any CPU
		{A574E5D4-AA8B-433B-9095-15E33EF84504}.Release|x86.Build.0 = Release|Any CPU
		{C5F80730-F44F-4478-BDAE-6634EFC2CA88}.Debug|Any CPU.ActiveCfg = Debug|Win32
		{C5F80730-F44F-4478-BDAE-6634EFC2CA88}.Debug|x86.ActiveCfg = Debug|Win32
		{C5F80730-F44F-4478-BDAE-6634EFC2CA88}.Debug|x86.Build.0 = Debug|Win32
		{C5F80730-F44F-4478-BDAE-6634EFC2CA88}.Release|Any CPU.ActiveCfg = Release|Win32
		{C5F80730-F44F-4478-BDAE-6634EFC2CA88}.Release|x86.ActiveCfg = Release|Win32
		{C5F80730-F44F-4478-BDAE-6634EFC2CA88}.Release|x86.Build.0 = Release|Win32
	EndGlobalSection
	GlobalSection(SolutionProperties) = preSolution
		HideSolutionNode = FALSE
	EndGlobalSection
	GlobalSection(ExtensibilityGlobals) = postSolution
		SolutionGuid = {ED70DFE6-0F42-4B19-B5D1-159FB7499502}
	EndGlobalSection
EndGlobal
